
Microsoft Visual Studio Solution File, Format Version 12.00
# Visual Studio Version 17
VisualStudioVersion = 17.12.35527.113 d17.12
MinimumVisualStudioVersion = 10.0.40219.1
Project("{FAE04EC0-301F-11D3-BF4B-00C04F79EFBC}") = "Pepe_Launcher", "Pepe_Launcher\Pepe_Launcher.csproj", "{B69C8BC9-8A24-4A13-A01A-30F0FC023070}"
EndProject
Project("{FAE04EC0-301F-11D3-BF4B-00C04F79EFBC}") = "Pepe_Updater", "Pepe_Updater\Pepe_Updater.csproj", "{53F492A4-B752-4F76-9A97-4C202E9C6B4D}"
EndProject
Global
	GlobalSection(SolutionConfigurationPlatforms) = preSolution
		Debug|Any CPU = Debug|Any CPU
		Release|Any CPU = Release|Any CPU
	EndGlobalSection
	GlobalSection(ProjectConfigurationPlatforms) = postSolution
		{B69C8BC9-8A24-4A13-A01A-30F0FC023070}.Debug|Any CPU.ActiveCfg = Debug|Any CPU
		{B69C8BC9-8A24-4A13-A01A-30F0FC023070}.Debug|Any CPU.Build.0 = Debug|Any CPU
		{B69C8BC9-8A24-4A13-A01A-30F0FC023070}.Release|Any CPU.ActiveCfg = Release|Any CPU
		{B69C8BC9-8A24-4A13-A01A-30F0FC023070}.Release|Any CPU.Build.0 = Release|Any CPU
		{53F492A4-B752-4F76-9A97-4C202E9C6B4D}.Debug|Any CPU.ActiveCfg = Debug|Any CPU
		{53F492A4-B752-4F76-9A97-4C202E9C6B4D}.Debug|Any CPU.Build.0 = Debug|Any CPU
		{53F492A4-B752-4F76-9A97-4C202E9C6B4D}.Release|Any CPU.ActiveCfg = Release|Any CPU
		{53F492A4-B752-4F76-9A97-4C202E9C6B4D}.Release|Any CPU.Build.0 = Release|Any CPU
	EndGlobalSection
	GlobalSection(SolutionProperties) = preSolution
		HideSolutionNode = FALSE
	EndGlobalSection
EndGlobal
